// !$*UTF8*$!
{
	archiveVersion = 1;
	classes = {
	};
	objectVersion = 56;
	objects = {

/* Begin PBXBuildFile section */
		75742C622C5B798700CBE31E /* AppDelegate.swift in Sources */ = {isa = PBXBuildFile; fileRef = 75742C612C5B798700CBE31E /* AppDelegate.swift */; };
		75742C642C5B798700CBE31E /* SceneDelegate.swift in Sources */ = {isa = PBXBuildFile; fileRef = 75742C632C5B798700CBE31E /* SceneDelegate.swift */; };
		75742C662C5B798700CBE31E /* ViewController.swift in Sources */ = {isa = PBXBuildFile; fileRef = 75742C652C5B798700CBE31E /* ViewController.swift */; };
		75742C692C5B798700CBE31E /* Base in Resources */ = {isa = PBXBuildFile; fileRef = 75742C682C5B798700CBE31E /* Base */; };
		75742C6B2C5B798800CBE31E /* Assets.xcassets in Resources */ = {isa = PBXBuildFile; fileRef = 75742C6A2C5B798800CBE31E /* Assets.xcassets */; };
		75742C6E2C5B798800CBE31E /* Base in Resources */ = {isa = PBXBuildFile; fileRef = 75742C6D2C5B798800CBE31E /* Base */; };
		75742C792C5B798800CBE31E /* TestScreenshotsTests.swift in Sources */ = {isa = PBXBuildFile; fileRef = 75742C782C5B798800CBE31E /* TestScreenshotsTests.swift */; };
		75742C832C5B798900CBE31E /* TestScreenshotsUITests.swift in Sources */ = {isa = PBXBuildFile; fileRef = 75742C822C5B798900CBE31E /* TestScreenshotsUITests.swift */; };
		75742C852C5B798900CBE31E /* TestScreenshotsUITestsLaunchTests.swift in Sources */ = {isa = PBXBuildFile; fileRef = 75742C842C5B798900CBE31E /* TestScreenshotsUITestsLaunchTests.swift */; };
		75742C922C5B7B9C00CBE31E /* SnapshotHelper.swift in Sources */ = {isa = PBXBuildFile; fileRef = 75742C912C5B7B9C00CBE31E /* SnapshotHelper.swift */; };
		75742C942C5B7C8800CBE31E /* SecondViewController.swift in Sources */ = {isa = PBXBuildFile; fileRef = 75742C932C5B7C8800CBE31E /* SecondViewController.swift */; };
/* End PBXBuildFile section */

/* Begin PBXContainerItemProxy section */
		75742C752C5B798800CBE31E /* PBXContainerItemProxy */ = {
			isa = PBXContainerItemProxy;
			containerPortal = 75742C562C5B798700CBE31E /* Project object */;
			proxyType = 1;
			remoteGlobalIDString = 75742C5D2C5B798700CBE31E;
			remoteInfo = TestScreenshots;
		};
		75742C7F2C5B798900CBE31E /* PBXContainerItemProxy */ = {
			isa = PBXContainerItemProxy;
			containerPortal = 75742C562C5B798700CBE31E /* Project object */;
			proxyType = 1;
			remoteGlobalIDString = 75742C5D2C5B798700CBE31E;
			remoteInfo = TestScreenshots;
		};
/* End PBXContainerItemProxy section */

/* Begin PBXFileReference section */
		75742C5E2C5B798700CBE31E /* TestScreenshots.app */ = {isa = PBXFileReference; explicitFileType = wrapper.application; includeInIndex = 0; path = TestScreenshots.app; sourceTree = BUILT_PRODUCTS_DIR; };
		75742C612C5B798700CBE31E /* AppDelegate.swift */ = {isa = PBXFileReference; lastKnownFileType = sourcecode.swift; path = AppDelegate.swift; sourceTree = "<group>"; };
		75742C632C5B798700CBE31E /* SceneDelegate.swift */ = {isa = PBXFileReference; lastKnownFileType = sourcecode.swift; path = SceneDelegate.swift; sourceTree = "<group>"; };
		75742C652C5B798700CBE31E /* ViewController.swift */ = {isa = PBXFileReference; lastKnownFileType = sourcecode.swift; path = ViewController.swift; sourceTree = "<group>"; };
		75742C682C5B798700CBE31E /* Base */ = {isa = PBXFileReference; lastKnownFileType = file.storyboard; name = Base; path = Base.lproj/Main.storyboard; sourceTree = "<group>"; };
		75742C6A2C5B798800CBE31E /* Assets.xcassets */ = {isa = PBXFileReference; lastKnownFileType = folder.assetcatalog; path = Assets.xcassets; sourceTree = "<group>"; };
		75742C6D2C5B798800CBE31E /* Base */ = {isa = PBXFileReference; lastKnownFileType = file.storyboard; name = Base; path = Base.lproj/LaunchScreen.storyboard; sourceTree = "<group>"; };
		75742C6F2C5B798800CBE31E /* Info.plist */ = {isa = PBXFileReference; lastKnownFileType = text.plist.xml; path = Info.plist; sourceTree = "<group>"; };
		75742C742C5B798800CBE31E /* TestScreenshotsTests.xctest */ = {isa = PBXFileReference; explicitFileType = wrapper.cfbundle; includeInIndex = 0; path = TestScreenshotsTests.xctest; sourceTree = BUILT_PRODUCTS_DIR; };
		75742C782C5B798800CBE31E /* TestScreenshotsTests.swift */ = {isa = PBXFileReference; lastKnownFileType = sourcecode.swift; path = TestScreenshotsTests.swift; sourceTree = "<group>"; };
		75742C7E2C5B798900CBE31E /* TestScreenshotsUITests.xctest */ = {isa = PBXFileReference; explicitFileType = wrapper.cfbundle; includeInIndex = 0; path = TestScreenshotsUITests.xctest; sourceTree = BUILT_PRODUCTS_DIR; };
		75742C822C5B798900CBE31E /* TestScreenshotsUITests.swift */ = {isa = PBXFileReference; lastKnownFileType = sourcecode.swift; path = TestScreenshotsUITests.swift; sourceTree = "<group>"; };
		75742C842C5B798900CBE31E /* TestScreenshotsUITestsLaunchTests.swift */ = {isa = PBXFileReference; lastKnownFileType = sourcecode.swift; path = TestScreenshotsUITestsLaunchTests.swift; sourceTree = "<group>"; };
		75742C912C5B7B9C00CBE31E /* SnapshotHelper.swift */ = {isa = PBXFileReference; fileEncoding = 4; lastKnownFileType = sourcecode.swift; path = SnapshotHelper.swift; sourceTree = SOURCE_ROOT; };
		75742C932C5B7C8800CBE31E /* SecondViewController.swift */ = {isa = PBXFileReference; lastKnownFileType = sourcecode.swift; path = SecondViewController.swift; sourceTree = "<group>"; };
/* End PBXFileReference section */

/* Begin PBXFrameworksBuildPhase section */
		75742C5B2C5B798700CBE31E /* Frameworks */ = {
			isa = PBXFrameworksBuildPhase;
			buildActionMask = 2147483647;
			files = (
			);
			runOnlyForDeploymentPostprocessing = 0;
		};
		75742C712C5B798800CBE31E /* Frameworks */ = {
			isa = PBXFrameworksBuildPhase;
			buildActionMask = 2147483647;
			files = (
			);
			runOnlyForDeploymentPostprocessing = 0;
		};
		75742C7B2C5B798900CBE31E /* Frameworks */ = {
			isa = PBXFrameworksBuildPhase;
			buildActionMask = 2147483647;
			files = (
			);
			runOnlyForDeploymentPostprocessing = 0;
		};
/* End PBXFrameworksBuildPhase section */

/* Begin PBXGroup section */
		75742C552C5B798700CBE31E = {
			isa = PBXGroup;
			children = (
				75742C602C5B798700CBE31E /* TestScreenshots */,
				75742C772C5B798800CBE31E /* TestScreenshotsTests */,
				75742C812C5B798900CBE31E /* TestScreenshotsUITests */,
				75742C5F2C5B798700CBE31E /* Products */,
			);
			sourceTree = "<group>";
		};
		75742C5F2C5B798700CBE31E /* Products */ = {
			isa = PBXGroup;
			children = (
				75742C5E2C5B798700CBE31E /* TestScreenshots.app */,
				75742C742C5B798800CBE31E /* TestScreenshotsTests.xctest */,
				75742C7E2C5B798900CBE31E /* TestScreenshotsUITests.xctest */,
			);
			name = Products;
			sourceTree = "<group>";
		};
		75742C602C5B798700CBE31E /* TestScreenshots */ = {
			isa = PBXGroup;
			children = (
				75742C612C5B798700CBE31E /* AppDelegate.swift */,
				75742C632C5B798700CBE31E /* SceneDelegate.swift */,
				75742C652C5B798700CBE31E /* ViewController.swift */,
				75742C932C5B7C8800CBE31E /* SecondViewController.swift */,
				75742C672C5B798700CBE31E /* Main.storyboard */,
				75742C6A2C5B798800CBE31E /* Assets.xcassets */,
				75742C6C2C5B798800CBE31E /* LaunchScreen.storyboard */,
				75742C6F2C5B798800CBE31E /* Info.plist */,
			);
			path = TestScreenshots;
			sourceTree = "<group>";
		};
		75742C772C5B798800CBE31E /* TestScreenshotsTests */ = {
			isa = PBXGroup;
			children = (
				75742C782C5B798800CBE31E /* TestScreenshotsTests.swift */,
			);
			path = TestScreenshotsTests;
			sourceTree = "<group>";
		};
		75742C812C5B798900CBE31E /* TestScreenshotsUITests */ = {
			isa = PBXGroup;
			children = (
				75742C912C5B7B9C00CBE31E /* SnapshotHelper.swift */,
				75742C822C5B798900CBE31E /* TestScreenshotsUITests.swift */,
				75742C842C5B798900CBE31E /* TestScreenshotsUITestsLaunchTests.swift */,
			);
			path = TestScreenshotsUITests;
			sourceTree = "<group>";
		};
/* End PBXGroup section */

/* Begin PBXNativeTarget section */
		75742C5D2C5B798700CBE31E /* TestScreenshots */ = {
			isa = PBXNativeTarget;
			buildConfigurationList = 75742C882C5B798900CBE31E /* Build configuration list for PBXNativeTarget "TestScreenshots" */;
			buildPhases = (
				75742C5A2C5B798700CBE31E /* Sources */,
				75742C5B2C5B798700CBE31E /* Frameworks */,
				75742C5C2C5B798700CBE31E /* Resources */,
			);
			buildRules = (
			);
			dependencies = (
			);
			name = TestScreenshots;
			productName = TestScreenshots;
			productReference = 75742C5E2C5B798700CBE31E /* TestScreenshots.app */;
			productType = "com.apple.product-type.application";
		};
		75742C732C5B798800CBE31E /* TestScreenshotsTests */ = {
			isa = PBXNativeTarget;
			buildConfigurationList = 75742C8B2C5B798900CBE31E /* Build configuration list for PBXNativeTarget "TestScreenshotsTests" */;
			buildPhases = (
				75742C702C5B798800CBE31E /* Sources */,
				75742C712C5B798800CBE31E /* Frameworks */,
				75742C722C5B798800CBE31E /* Resources */,
			);
			buildRules = (
			);
			dependencies = (
				75742C762C5B798800CBE31E /* PBXTargetDependency */,
			);
			name = TestScreenshotsTests;
			productName = TestScreenshotsTests;
			productReference = 75742C742C5B798800CBE31E /* TestScreenshotsTests.xctest */;
			productType = "com.apple.product-type.bundle.unit-test";
		};
		75742C7D2C5B798900CBE31E /* TestScreenshotsUITests */ = {
			isa = PBXNativeTarget;
			buildConfigurationList = 75742C8E2C5B798900CBE31E /* Build configuration list for PBXNativeTarget "TestScreenshotsUITests" */;
			buildPhases = (
				75742C7A2C5B798900CBE31E /* Sources */,
				75742C7B2C5B798900CBE31E /* Frameworks */,
				75742C7C2C5B798900CBE31E /* Resources */,
			);
			buildRules = (
			);
			dependencies = (
				75742C802C5B798900CBE31E /* PBXTargetDependency */,
			);
			name = TestScreenshotsUITests;
			productName = TestScreenshotsUITests;
			productReference = 75742C7E2C5B798900CBE31E /* TestScreenshotsUITests.xctest */;
			productType = "com.apple.product-type.bundle.ui-testing";
		};
/* End PBXNativeTarget section */

/* Begin PBXProject section */
		75742C562C5B798700CBE31E /* Project object */ = {
			isa = PBXProject;
			attributes = {
				BuildIndependentTargetsInParallel = 1;
				LastSwiftUpdateCheck = 1540;
				LastUpgradeCheck = 1540;
				TargetAttributes = {
					75742C5D2C5B798700CBE31E = {
						CreatedOnToolsVersion = 15.4;
					};
					75742C732C5B798800CBE31E = {
						CreatedOnToolsVersion = 15.4;
						TestTargetID = 75742C5D2C5B798700CBE31E;
					};
					75742C7D2C5B798900CBE31E = {
						CreatedOnToolsVersion = 15.4;
						TestTargetID = 75742C5D2C5B798700CBE31E;
					};
				};
			};
			buildConfigurationList = 75742C592C5B798700CBE31E /* Build configuration list for PBXProject "TestScreenshots" */;
			compatibilityVersion = "Xcode 14.0";
			developmentRegion = en;
			hasScannedForEncodings = 0;
			knownRegions = (
				en,
				Base,
			);
			mainGroup = 75742C552C5B798700CBE31E;
			productRefGroup = 75742C5F2C5B798700CBE31E /* Products */;
			projectDirPath = "";
			projectRoot = "";
			targets = (
				75742C5D2C5B798700CBE31E /* TestScreenshots */,
				75742C732C5B798800CBE31E /* TestScreenshotsTests */,
				75742C7D2C5B798900CBE31E /* TestScreenshotsUITests */,
			);
		};
/* End PBXProject section */

/* Begin PBXResourcesBuildPhase section */
		75742C5C2C5B798700CBE31E /* Resources */ = {
			isa = PBXResourcesBuildPhase;
			buildActionMask = 2147483647;
			files = (
				75742C6B2C5B798800CBE31E /* Assets.xcassets in Resources */,
				75742C6E2C5B798800CBE31E /* Base in Resources */,
				75742C692C5B798700CBE31E /* Base in Resources */,
			);
			runOnlyForDeploymentPostprocessing = 0;
		};
		75742C722C5B798800CBE31E /* Resources */ = {
			isa = PBXResourcesBuildPhase;
			buildActionMask = 2147483647;
			files = (
			);
			runOnlyForDeploymentPostprocessing = 0;
		};
		75742C7C2C5B798900CBE31E /* Resources */ = {
			isa = PBXResourcesBuildPhase;
			buildActionMask = 2147483647;
			files = (
			);
			runOnlyForDeploymentPostprocessing = 0;
		};
/* End PBXResourcesBuildPhase section */

/* Begin PBXSourcesBuildPhase section */
		75742C5A2C5B798700CBE31E /* Sources */ = {
			isa = PBXSourcesBuildPhase;
			buildActionMask = 2147483647;
			files = (
				75742C942C5B7C8800CBE31E /* SecondViewController.swift in Sources */,
				75742C662C5B798700CBE31E /* ViewController.swift in Sources */,
				75742C622C5B798700CBE31E /* AppDelegate.swift in Sources */,
				75742C642C5B798700CBE31E /* SceneDelegate.swift in Sources */,
			);
			runOnlyForDeploymentPostprocessing = 0;
		};
		75742C702C5B798800CBE31E /* Sources */ = {
			isa = PBXSourcesBuildPhase;
			buildActionMask = 2147483647;
			files = (
				75742C792C5B798800CBE31E /* TestScreenshotsTests.swift in Sources */,
			);
			runOnlyForDeploymentPostprocessing = 0;
		};
		75742C7A2C5B798900CBE31E /* Sources */ = {
			isa = PBXSourcesBuildPhase;
			buildActionMask = 2147483647;
			files = (
				75742C852C5B798900CBE31E /* TestScreenshotsUITestsLaunchTests.swift in Sources */,
				75742C832C5B798900CBE31E /* TestScreenshotsUITests.swift in Sources */,
				75742C922C5B7B9C00CBE31E /* SnapshotHelper.swift in Sources */,
			);
			runOnlyForDeploymentPostprocessing = 0;
		};
/* End PBXSourcesBuildPhase section */

/* Begin PBXTargetDependency section */
		75742C762C5B798800CBE31E /* PBXTargetDependency */ = {
			isa = PBXTargetDependency;
			target = 75742C5D2C5B798700CBE31E /* TestScreenshots */;
			targetProxy = 75742C752C5B798800CBE31E /* PBXContainerItemProxy */;
		};
		75742C802C5B798900CBE31E /* PBXTargetDependency */ = {
			isa = PBXTargetDependency;
			target = 75742C5D2C5B798700CBE31E /* TestScreenshots */;
			targetProxy = 75742C7F2C5B798900CBE31E /* PBXContainerItemProxy */;
		};
/* End PBXTargetDependency section */

/* Begin PBXVariantGroup section */
		75742C672C5B798700CBE31E /* Main.storyboard */ = {
			isa = PBXVariantGroup;
			children = (
				75742C682C5B798700CBE31E /* Base */,
			);
			name = Main.storyboard;
			sourceTree = "<group>";
		};
		75742C6C2C5B798800CBE31E /* LaunchScreen.storyboard */ = {
			isa = PBXVariantGroup;
			children = (
				75742C6D2C5B798800CBE31E /* Base */,
			);
			name = LaunchScreen.storyboard;
			sourceTree = "<group>";
		};
/* End PBXVariantGroup section */

/* Begin XCBuildConfiguration section */
		75742C862C5B798900CBE31E /* Debug */ = {
			isa = XCBuildConfiguration;
			buildSettings = {
				ALWAYS_SEARCH_USER_PATHS = NO;
				ASSETCATALOG_COMPILER_GENERATE_SWIFT_ASSET_SYMBOL_EXTENSIONS = YES;
				CLANG_ANALYZER_NONNULL = YES;
				CLANG_ANALYZER_NUMBER_OBJECT_CONVERSION = YES_AGGRESSIVE;
				CLANG_CXX_LANGUAGE_STANDARD = "gnu++20";
				CLANG_ENABLE_MODULES = YES;
				CLANG_ENABLE_OBJC_ARC = YES;
				CLANG_ENABLE_OBJC_WEAK = YES;
				CLANG_WARN_BLOCK_CAPTURE_AUTORELEASING = YES;
				CLANG_WARN_BOOL_CONVERSION = YES;
				CLANG_WARN_COMMA = YES;
				CLANG_WARN_CONSTANT_CONVERSION = YES;
				CLANG_WARN_DEPRECATED_OBJC_IMPLEMENTATIONS = YES;
				CLANG_WARN_DIRECT_OBJC_ISA_USAGE = YES_ERROR;
				CLANG_WARN_DOCUMENTATION_COMMENTS = YES;
				CLANG_WARN_EMPTY_BODY = YES;
				CLANG_WARN_ENUM_CONVERSION = YES;
				CLANG_WARN_INFINITE_RECURSION = YES;
				CLANG_WARN_INT_CONVERSION = YES;
				CLANG_WARN_NON_LITERAL_NULL_CONVERSION = YES;
				CLANG_WARN_OBJC_IMPLICIT_RETAIN_SELF = YES;
				CLANG_WARN_OBJC_LITERAL_CONVERSION = YES;
				CLANG_WARN_OBJC_ROOT_CLASS = YES_ERROR;
				CLANG_WARN_QUOTED_INCLUDE_IN_FRAMEWORK_HEADER = YES;
				CLANG_WARN_RANGE_LOOP_ANALYSIS = YES;
				CLANG_WARN_STRICT_PROTOTYPES = YES;
				CLANG_WARN_SUSPICIOUS_MOVE = YES;
				CLANG_WARN_UNGUARDED_AVAILABILITY = YES_AGGRESSIVE;
				CLANG_WARN_UNREACHABLE_CODE = YES;
				CLANG_WARN__DUPLICATE_METHOD_MATCH = YES;
				COPY_PHASE_STRIP = NO;
				DEBUG_INFORMATION_FORMAT = dwarf;
				ENABLE_STRICT_OBJC_MSGSEND = YES;
				ENABLE_TESTABILITY = YES;
				ENABLE_USER_SCRIPT_SANDBOXING = YES;
				GCC_C_LANGUAGE_STANDARD = gnu17;
				GCC_DYNAMIC_NO_PIC = NO;
				GCC_NO_COMMON_BLOCKS = YES;
				GCC_OPTIMIZATION_LEVEL = 0;
				GCC_PREPROCESSOR_DEFINITIONS = (
					"DEBUG=1",
					"$(inherited)",
				);
				GCC_WARN_64_TO_32_BIT_CONVERSION = YES;
				GCC_WARN_ABOUT_RETURN_TYPE = YES_ERROR;
				GCC_WARN_UNDECLARED_SELECTOR = YES;
				GCC_WARN_UNINITIALIZED_AUTOS = YES_AGGRESSIVE;
				GCC_WARN_UNUSED_FUNCTION = YES;
				GCC_WARN_UNUSED_VARIABLE = YES;
				IPHONEOS_DEPLOYMENT_TARGET = 17.5;
				LOCALIZATION_PREFERS_STRING_CATALOGS = YES;
				MTL_ENABLE_DEBUG_INFO = INCLUDE_SOURCE;
				MTL_FAST_MATH = YES;
				ONLY_ACTIVE_ARCH = YES;
				SDKROOT = iphoneos;
				SWIFT_ACTIVE_COMPILATION_CONDITIONS = "DEBUG $(inherited)";
				SWIFT_OPTIMIZATION_LEVEL = "-Onone";
			};
			name = Debug;
		};
		75742C872C5B798900CBE31E /* Release */ = {
			isa = XCBuildConfiguration;
			buildSettings = {
				ALWAYS_SEARCH_USER_PATHS = NO;
				ASSETCATALOG_COMPILER_GENERATE_SWIFT_ASSET_SYMBOL_EXTENSIONS = YES;
				CLANG_ANALYZER_NONNULL = YES;
				CLANG_ANALYZER_NUMBER_OBJECT_CONVERSION = YES_AGGRESSIVE;
				CLANG_CXX_LANGUAGE_STANDARD = "gnu++20";
				CLANG_ENABLE_MODULES = YES;
				CLANG_ENABLE_OBJC_ARC = YES;
				CLANG_ENABLE_OBJC_WEAK = YES;
				CLANG_WARN_BLOCK_CAPTURE_AUTORELEASING = YES;
				CLANG_WARN_BOOL_CONVERSION = YES;
				CLANG_WARN_COMMA = YES;
				CLANG_WARN_CONSTANT_CONVERSION = YES;
				CLANG_WARN_DEPRECATED_OBJC_IMPLEMENTATIONS = YES;
				CLANG_WARN_DIRECT_OBJC_ISA_USAGE = YES_ERROR;
				CLANG_WARN_DOCUMENTATION_COMMENTS = YES;
				CLANG_WARN_EMPTY_BODY = YES;
				CLANG_WARN_ENUM_CONVERSION = YES;
				CLANG_WARN_INFINITE_RECURSION = YES;
				CLANG_WARN_INT_CONVERSION = YES;
				CLANG_WARN_NON_LITERAL_NULL_CONVERSION = YES;
				CLANG_WARN_OBJC_IMPLICIT_RETAIN_SELF = YES;
				CLANG_WARN_OBJC_LITERAL_CONVERSION = YES;
				CLANG_WARN_OBJC_ROOT_CLASS = YES_ERROR;
				CLANG_WARN_QUOTED_INCLUDE_IN_FRAMEWORK_HEADER = YES;
				CLANG_WARN_RANGE_LOOP_ANALYSIS = YES;
				CLANG_WARN_STRICT_PROTOTYPES = YES;
				CLANG_WARN_SUSPICIOUS_MOVE = YES;
				CLANG_WARN_UNGUARDED_AVAILABILITY = YES_AGGRESSIVE;
				CLANG_WARN_UNREACHABLE_CODE = YES;
				CLANG_WARN__DUPLICATE_METHOD_MATCH = YES;
				COPY_PHASE_STRIP = NO;
				DEBUG_INFORMATION_FORMAT = "dwarf-with-dsym";
				ENABLE_NS_ASSERTIONS = NO;
				ENABLE_STRICT_OBJC_MSGSEND = YES;
				ENABLE_USER_SCRIPT_SANDBOXING = YES;
				GCC_C_LANGUAGE_STANDARD = gnu17;
				GCC_NO_COMMON_BLOCKS = YES;
				GCC_WARN_64_TO_32_BIT_CONVERSION = YES;
				GCC_WARN_ABOUT_RETURN_TYPE = YES_ERROR;
				GCC_WARN_UNDECLARED_SELECTOR = YES;
				GCC_WARN_UNINITIALIZED_AUTOS = YES_AGGRESSIVE;
				GCC_WARN_UNUSED_FUNCTION = YES;
				GCC_WARN_UNUSED_VARIABLE = YES;
				IPHONEOS_DEPLOYMENT_TARGET = 17.5;
				LOCALIZATION_PREFERS_STRING_CATALOGS = YES;
				MTL_ENABLE_DEBUG_INFO = NO;
				MTL_FAST_MATH = YES;
				SDKROOT = iphoneos;
				SWIFT_COMPILATION_MODE = wholemodule;
				VALIDATE_PRODUCT = YES;
			};
			name = Release;
		};
		75742C892C5B798900CBE31E /* Debug */ = {
			isa = XCBuildConfiguration;
			buildSettings = {
				ASSETCATALOG_COMPILER_APPICON_NAME = AppIcon;
				ASSETCATALOG_COMPILER_GLOBAL_ACCENT_COLOR_NAME = AccentColor;
				CODE_SIGN_STYLE = Automatic;
				CURRENT_PROJECT_VERSION = 1;
				DEVELOPMENT_TEAM = S7DZ5Y7M7U;
				GENERATE_INFOPLIST_FILE = YES;
				INFOPLIST_FILE = TestScreenshots/Info.plist;
				INFOPLIST_KEY_UIApplicationSupportsIndirectInputEvents = YES;
				INFOPLIST_KEY_UILaunchStoryboardName = LaunchScreen;
				INFOPLIST_KEY_UIMainStoryboardFile = Main;
				INFOPLIST_KEY_UISupportedInterfaceOrientations_iPad = "UIInterfaceOrientationPortrait UIInterfaceOrientationPortraitUpsideDown UIInterfaceOrientationLandscapeLeft UIInterfaceOrientationLandscapeRight";
				INFOPLIST_KEY_UISupportedInterfaceOrientations_iPhone = "UIInterfaceOrientationPortrait UIInterfaceOrientationLandscapeLeft UIInterfaceOrientationLandscapeRight";
				LD_RUNPATH_SEARCH_PATHS = (
					"$(inherited)",
					"@executable_path/Frameworks",
				);
				MARKETING_VERSION = 1.0;
				PRODUCT_BUNDLE_IDENTIFIER = com.Test.TestScreenshots;
				PRODUCT_NAME = "$(TARGET_NAME)";
				SWIFT_EMIT_LOC_STRINGS = YES;
				SWIFT_VERSION = 5.0;
				TARGETED_DEVICE_FAMILY = "1,2";
			};
			name = Debug;
		};
		75742C8A2C5B798900CBE31E /* Release */ = {
			isa = XCBuildConfiguration;
			buildSettings = {
				ASSETCATALOG_COMPILER_APPICON_NAME = AppIcon;
				ASSETCATALOG_COMPILER_GLOBAL_ACCENT_COLOR_NAME = AccentColor;
				CODE_SIGN_STYLE = Automatic;
				CURRENT_PROJECT_VERSION = 1;
				DEVELOPMENT_TEAM = S7DZ5Y7M7U;
				GENERATE_INFOPLIST_FILE = YES;
				INFOPLIST_FILE = TestScreenshots/Info.plist;
				INFOPLIST_KEY_UIApplicationSupportsIndirectInputEvents = YES;
				INFOPLIST_KEY_UILaunchStoryboardName = LaunchScreen;
				INFOPLIST_KEY_UIMainStoryboardFile = Main;
				INFOPLIST_KEY_UISupportedInterfaceOrientations_iPad = "UIInterfaceOrientationPortrait UIInterfaceOrientationPortraitUpsideDown UIInterfaceOrientationLandscapeLeft UIInterfaceOrientationLandscapeRight";
				INFOPLIST_KEY_UISupportedInterfaceOrientations_iPhone = "UIInterfaceOrientationPortrait UIInterfaceOrientationLandscapeLeft UIInterfaceOrientationLandscapeRight";
				LD_RUNPATH_SEARCH_PATHS = (
					"$(inherited)",
					"@executable_path/Frameworks",
				);
				MARKETING_VERSION = 1.0;
				PRODUCT_BUNDLE_IDENTIFIER = com.Test.TestScreenshots;
				PRODUCT_NAME = "$(TARGET_NAME)";
				SWIFT_EMIT_LOC_STRINGS = YES;
				SWIFT_VERSION = 5.0;
				TARGETED_DEVICE_FAMILY = "1,2";
			};
			name = Release;
		};
		75742C8C2C5B798900CBE31E /* Debug */ = {
			isa = XCBuildConfiguration;
			buildSettings = {
				ALWAYS_EMBED_SWIFT_STANDARD_LIBRARIES = YES;
				BUNDLE_LOADER = "$(TEST_HOST)";
				CODE_SIGN_STYLE = Automatic;
				CURRENT_PROJECT_VERSION = 1;
				DEVELOPMENT_TEAM = S7DZ5Y7M7U;
				GENERATE_INFOPLIST_FILE = YES;
				IPHONEOS_DEPLOYMENT_TARGET = 17.5;
				MARKETING_VERSION = 1.0;
				PRODUCT_BUNDLE_IDENTIFIER = com.Test.TestScreenshotsTests;
				PRODUCT_NAME = "$(TARGET_NAME)";
				SWIFT_EMIT_LOC_STRINGS = NO;
				SWIFT_VERSION = 5.0;
				TARGETED_DEVICE_FAMILY = "1,2";
				TEST_HOST = "$(BUILT_PRODUCTS_DIR)/TestScreenshots.app/$(BUNDLE_EXECUTABLE_FOLDER_PATH)/TestScreenshots";
			};
			name = Debug;
		};
		75742C8D2C5B798900CBE31E /* Release */ = {
			isa = XCBuildConfiguration;
			buildSettings = {
				ALWAYS_EMBED_SWIFT_STANDARD_LIBRARIES = YES;
				BUNDLE_LOADER = "$(TEST_HOST)";
				CODE_SIGN_STYLE = Automatic;
				CURRENT_PROJECT_VERSION = 1;
				DEVELOPMENT_TEAM = S7DZ5Y7M7U;
				GENERATE_INFOPLIST_FILE = YES;
				IPHONEOS_DEPLOYMENT_TARGET = 17.5;
				MARKETING_VERSION = 1.0;
				PRODUCT_BUNDLE_IDENTIFIER = com.Test.TestScreenshotsTests;
				PRODUCT_NAME = "$(TARGET_NAME)";
				SWIFT_EMIT_LOC_STRINGS = NO;
				SWIFT_VERSION = 5.0;
				TARGETED_DEVICE_FAMILY = "1,2";
				TEST_HOST = "$(BUILT_PRODUCTS_DIR)/TestScreenshots.app/$(BUNDLE_EXECUTABLE_FOLDER_PATH)/TestScreenshots";
			};
			name = Release;
		};
		75742C8F2C5B798900CBE31E /* Debug */ = {
			isa = XCBuildConfiguration;
			buildSettings = {
				ALWAYS_EMBED_SWIFT_STANDARD_LIBRARIES = YES;
				CODE_SIGN_STYLE = Automatic;
				CURRENT_PROJECT_VERSION = 1;
				DEVELOPMENT_TEAM = S7DZ5Y7M7U;
				GENERATE_INFOPLIST_FILE = YES;
				MARKETING_VERSION = 1.0;
				PRODUCT_BUNDLE_IDENTIFIER = com.Test.TestScreenshotsUITests;
				PRODUCT_NAME = "$(TARGET_NAME)";
				SWIFT_EMIT_LOC_STRINGS = NO;
				SWIFT_VERSION = 5.0;
				TARGETED_DEVICE_FAMILY = "1,2";
				TEST_TARGET_NAME = TestScreenshots;
			};
			name = Debug;
		};
		75742C902C5B798900CBE31E /* Release */ = {
			isa = XCBuildConfiguration;
			buildSettings = {
				ALWAYS_EMBED_SWIFT_STANDARD_LIBRARIES = YES;
				CODE_SIGN_STYLE = Automatic;
				CURRENT_PROJECT_VERSION = 1;
				DEVELOPMENT_TEAM = S7DZ5Y7M7U;
				GENERATE_INFOPLIST_FILE = YES;
				MARKETING_VERSION = 1.0;
				PRODUCT_BUNDLE_IDENTIFIER = com.Test.TestScreenshotsUITests;
				PRODUCT_NAME = "$(TARGET_NAME)";
				SWIFT_EMIT_LOC_STRINGS = NO;
				SWIFT_VERSION = 5.0;
				TARGETED_DEVICE_FAMILY = "1,2";
				TEST_TARGET_NAME = TestScreenshots;
			};
			name = Release;
		};
/* End XCBuildConfiguration section */

/* Begin XCConfigurationList section */
		75742C592C5B798700CBE31E /* Build configuration list for PBXProject "TestScreenshots" */ = {
			isa = XCConfigurationList;
			buildConfigurations = (
				75742C862C5B798900CBE31E /* Debug */,
				75742C872C5B798900CBE31E /* Release */,
			);
			defaultConfigurationIsVisible = 0;
			defaultConfigurationName = Release;
		};
		75742C882C5B798900CBE31E /* Build configuration list for PBXNativeTarget "TestScreenshots" */ = {
			isa = XCConfigurationList;
			buildConfigurations = (
				75742C892C5B798900CBE31E /* Debug */,
				75742C8A2C5B798900CBE31E /* Release */,
			);
			defaultConfigurationIsVisible = 0;
			defaultConfigurationName = Release;
		};
		75742C8B2C5B798900CBE31E /* Build configuration list for PBXNativeTarget "TestScreenshotsTests" */ = {
			isa = XCConfigurationList;
			buildConfigurations = (
				75742C8C2C5B798900CBE31E /* Debug */,
				75742C8D2C5B798900CBE31E /* Release */,
			);
			defaultConfigurationIsVisible = 0;
			defaultConfigurationName = Release;
		};
		75742C8E2C5B798900CBE31E /* Build configuration list for PBXNativeTarget "TestScreenshotsUITests" */ = {
			isa = XCConfigurationList;
			buildConfigurations = (
				75742C8F2C5B798900CBE31E /* Debug */,
				75742C902C5B798900CBE31E /* Release */,
			);
			defaultConfigurationIsVisible = 0;
			defaultConfigurationName = Release;
		};
/* End XCConfigurationList section */
	};
	rootObject = 75742C562C5B798700CBE31E /* Project object */;
}
